<?xml version="1.0" encoding="utf-8"?>
<Project ToolsVersion="4.0" xmlns="http://schemas.microsoft.com/developer/msbuild/2003">
  <ItemGroup>
    <ClInclude Include="kinematicParcelFoam\createClouds.H" />
    <ClInclude Include="kinematicParcelFoam\createFieldRefs.H" />
    <ClInclude Include="kinematicParcelFoam\createFields.H" />
    <ClInclude Include="kinematicParcelFoam\pEqn.H" />
    <ClInclude Include="kinematicParcelFoam\UEqn.H" />
  </ItemGroup>
  <ItemGroup>
    <ClCompile Include="kinematicParcelFoam\kinematicParcelFoam.C" />
  </ItemGroup>
</Project>