
Microsoft Visual Studio Solution File, Format Version 12.00
# Visual Studio Version 17
VisualStudioVersion = 17.9.34728.123
MinimumVisualStudioVersion = 10.0.40219.1
Project("{8BC9CEB8-8B4A-11D0-8D11-00A0C91BC942}") = "acousticFoam", "acoustic\acousticFoam.vcxproj", "{8A451363-4878-4709-BCFC-18F303E3774F}"
EndProject
Project("{8BC9CEB8-8B4A-11D0-8D11-00A0C91BC942}") = "scalarTransportFoam", "basic\scalarTransportFoam.vcxproj", "{A78CDA08-6DF2-4357-8A5F-5C1EF5D3538A}"
EndProject
Project("{8BC9CEB8-8B4A-11D0-8D11-00A0C91BC942}") = "laplacianFoam", "basic\laplacianFoam.vcxproj", "{BB7F53D4-DBFE-4477-8A66-43CCC71A8236}"
EndProject
Project("{8BC9CEB8-8B4A-11D0-8D11-00A0C91BC942}") = "potentialFoam", "basic\potentialFoam.vcxproj", "{3F3D20A2-38F4-4D06-B93C-FA0E1B7DAA8B}"
EndProject
Project("{8BC9CEB8-8B4A-11D0-8D11-00A0C91BC942}") = "chemFoam", "combustion\chemFoam.vcxproj", "{5E184D63-9762-4377-A8F7-A568BDA39070}"
EndProject
Project("{8BC9CEB8-8B4A-11D0-8D11-00A0C91BC942}") = "coldEngineFoam", "combustion\coldEngineFoam.vcxproj", "{F3C28E13-54BA-41BC-B5F5-7CA1892C3F2D}"
EndProject
Project("{8BC9CEB8-8B4A-11D0-8D11-00A0C91BC942}") = "fireFoam", "combustion\fireFoam.vcxproj", "{FE62F171-7635-4024-A600-02CDB4DC82E5}"
EndProject
Project("{8BC9CEB8-8B4A-11D0-8D11-00A0C91BC942}") = "PDRFoam", "combustion\PDRFoam.vcxproj", "{F390876A-79CF-4FB7-886C-C9D91F05AE57}"
EndProject
Project("{8BC9CEB8-8B4A-11D0-8D11-00A0C91BC942}") = "reactingFoam", "combustion\reactingFoam.vcxproj", "{262B21BA-77CA-4247-AF03-A80055F6430E}"
EndProject
Project("{8BC9CEB8-8B4A-11D0-8D11-00A0C91BC942}") = "XiFoam", "combustion\XiFoam.vcxproj", "{2529631E-B953-49BE-8102-C650E338BCCF}"
EndProject
Project("{8BC9CEB8-8B4A-11D0-8D11-00A0C91BC942}") = "rhoCentralFoam", "compressible\rhoCentralFoam.vcxproj", "{033ADFDE-6A33-45AA-9408-BF64515B200C}"
EndProject
Project("{8BC9CEB8-8B4A-11D0-8D11-00A0C91BC942}") = "rhoPimpleAdiabaticFoam", "compressible\rhoPimpleAdiabaticFoam.vcxproj", "{927D8E8B-57BC-42BF-9321-67D6EEE7D88B}"
EndProject
Project("{8BC9CEB8-8B4A-11D0-8D11-00A0C91BC942}") = "rhoPimpleFoam", "compressible\rhoPimpleFoam.vcxproj", "{4A76055C-4C4D-4953-A899-276DD59DDB71}"
EndProject
Project("{2150E333-8FDC-42A3-9474-1A3956D46DE8}") = "acoustic", "acoustic", "{99F8E72B-2FEC-4C4A-87DC-971293D55391}"
EndProject
Project("{8BC9CEB8-8B4A-11D0-8D11-00A0C91BC942}") = "rhoSimpleFoam", "compressible\rhoSimpleFoam.vcxproj", "{E5B0BFCF-0B3A-4426-8F11-AABD84A49A5F}"
EndProject
Project("{8BC9CEB8-8B4A-11D0-8D11-00A0C91BC942}") = "sonicFoam", "compressible\sonicFoam.vcxproj", "{F2779F0F-83A5-461A-9F2D-41F70414F927}"
EndProject
Project("{2150E333-8FDC-42A3-9474-1A3956D46DE8}") = "compressible", "compressible", "{FDCCADF9-2F07-4B2F-A9C2-00D89EF0E84C}"
EndProject
Project("{2150E333-8FDC-42A3-9474-1A3956D46DE8}") = "combustion", "combustion", "{B05993E1-023C-44B6-B827-20BE69AFAB43}"
EndProject
Project("{2150E333-8FDC-42A3-9474-1A3956D46DE8}") = "basic", "basic", "{3BDB8ABC-8DD8-4310-AA39-A379F1D76EEA}"
EndProject
Project("{2150E333-8FDC-42A3-9474-1A3956D46DE8}") = "discreteMethods", "discreteMethods", "{12CB89F2-F731-4200-8ACF-BD188BC7E99B}"
EndProject
Project("{2150E333-8FDC-42A3-9474-1A3956D46DE8}") = "DNS", "DNS", "{0BA83E09-2913-42A2-A96B-7D952909D749}"
EndProject
Project("{2150E333-8FDC-42A3-9474-1A3956D46DE8}") = "electromagnetics", "electromagnetics", "{F6F96179-4344-46A3-BC6C-EC27159B70A2}"
EndProject
Project("{2150E333-8FDC-42A3-9474-1A3956D46DE8}") = "financial", "financial", "{C2DBBB0C-8D51-45D2-BACD-60A28C6AA7F8}"
EndProject
Project("{2150E333-8FDC-42A3-9474-1A3956D46DE8}") = "finiteArea", "finiteArea", "{70985F8E-0702-4E9E-93EA-65B8DED87082}"
EndProject
Project("{2150E333-8FDC-42A3-9474-1A3956D46DE8}") = "heatTransfer", "heatTransfer", "{D27851F6-2FB5-4251-8C21-D912AB1C9519}"
EndProject
Project("{2150E333-8FDC-42A3-9474-1A3956D46DE8}") = "incompressible", "incompressible", "{83477EA8-E6EF-4B4A-B56B-8F44EBB9E33F}"
EndProject
Project("{2150E333-8FDC-42A3-9474-1A3956D46DE8}") = "lagrangian", "lagrangian", "{BABE34F9-5372-4A94-ACD8-A06C11670C7B}"
EndProject
Project("{2150E333-8FDC-42A3-9474-1A3956D46DE8}") = "multiphase", "multiphase", "{93D34184-60D9-4618-BC91-75040D581985}"
EndProject
Project("{2150E333-8FDC-42A3-9474-1A3956D46DE8}") = "stressAnalysis", "stressAnalysis", "{3711F4E7-FF72-43D2-B066-5777E7D3F1D4}"
EndProject
Project("{8BC9CEB8-8B4A-11D0-8D11-00A0C91BC942}") = "dsmc", "discreteMethods\dsmc.vcxproj", "{B380CBE6-397B-4E3E-A545-A3363862BA4F}"
EndProject
Project("{8BC9CEB8-8B4A-11D0-8D11-00A0C91BC942}") = "molecularDynamics", "discreteMethods\molecularDynamics.vcxproj", "{689D6C8E-313D-4C0B-8D1C-786F911CCC4B}"
EndProject
Project("{8BC9CEB8-8B4A-11D0-8D11-00A0C91BC942}") = "dnsFoam", "DNS\dnsFoam.vcxproj", "{555C1D0E-6B48-464C-97CB-0F6252364BD5}"
EndProject
Project("{8BC9CEB8-8B4A-11D0-8D11-00A0C91BC942}") = "electrostaticFoam", "electromagnetics\electrostaticFoam.vcxproj", "{D34D8C9F-212F-4B16-A4D8-328169ECA89E}"
EndProject
Project("{8BC9CEB8-8B4A-11D0-8D11-00A0C91BC942}") = "magneticFoam", "electromagnetics\magneticFoam.vcxproj", "{63B82120-6CBD-46BB-9229-2599D68C82B2}"
EndProject
Project("{8BC9CEB8-8B4A-11D0-8D11-00A0C91BC942}") = "mhdFoam", "electromagnetics\mhdFoam.vcxproj", "{4668BE17-ECE9-44B7-B54A-7D1D6B1855D1}"
EndProject
Project("{8BC9CEB8-8B4A-11D0-8D11-00A0C91BC942}") = "financialFoam", "financial\financialFoam.vcxproj", "{A733755C-B89F-4727-A05B-32F61AE61F32}"
EndProject
Project("{8BC9CEB8-8B4A-11D0-8D11-00A0C91BC942}") = "liquidFilmFoam", "finiteArea\liquidFilmFoam.vcxproj", "{97970220-27F0-4914-AB46-99960572B8DC}"
EndProject
Project("{8BC9CEB8-8B4A-11D0-8D11-00A0C91BC942}") = "sphereSurfactantFoam", "finiteArea\sphereSurfactantFoam.vcxproj", "{87DCED46-7B1F-4A8A-9C99-C523D3384728}"
EndProject
Project("{8BC9CEB8-8B4A-11D0-8D11-00A0C91BC942}") = "surfactantFoam", "finiteArea\surfactantFoam.vcxproj", "{4DFAB945-22D5-4134-982C-7BF019E12FF0}"
EndProject
Project("{8BC9CEB8-8B4A-11D0-8D11-00A0C91BC942}") = "solidDisplacementFoam", "stressAnalysis\solidDisplacementFoam.vcxproj", "{760E6941-2B91-485A-89BE-7615B41DD2C3}"
EndProject
Project("{8BC9CEB8-8B4A-11D0-8D11-00A0C91BC942}") = "solidEquilibriumDisplacementFoam", "stressAnalysis\solidEquilibriumDisplacementFoam.vcxproj", "{0220EF54-01F9-4597-B552-5D93B093C599}"
EndProject
Global
	GlobalSection(SolutionConfigurationPlatforms) = preSolution
		Debug|x64 = Debug|x64
		Debug|x86 = Debug|x86
		Release|x64 = Release|x64
		Release|x86 = Release|x86
	EndGlobalSection
	GlobalSection(ProjectConfigurationPlatforms) = postSolution
		{8A451363-4878-4709-BCFC-18F303E3774F}.Debug|x64.ActiveCfg = Debug|x64
		{8A451363-4878-4709-BCFC-18F303E3774F}.Debug|x64.Build.0 = Debug|x64
		{8A451363-4878-4709-BCFC-18F303E3774F}.Debug|x86.ActiveCfg = Debug|Win32
		{8A451363-4878-4709-BCFC-18F303E3774F}.Debug|x86.Build.0 = Debug|Win32
		{8A451363-4878-4709-BCFC-18F303E3774F}.Release|x64.ActiveCfg = Release|x64
		{8A451363-4878-4709-BCFC-18F303E3774F}.Release|x64.Build.0 = Release|x64
		{8A451363-4878-4709-BCFC-18F303E3774F}.Release|x86.ActiveCfg = Release|Win32
		{8A451363-4878-4709-BCFC-18F303E3774F}.Release|x86.Build.0 = Release|Win32
		{A78CDA08-6DF2-4357-8A5F-5C1EF5D3538A}.Debug|x64.ActiveCfg = Debug|x64
		{A78CDA08-6DF2-4357-8A5F-5C1EF5D3538A}.Debug|x64.Build.0 = Debug|x64
		{A78CDA08-6DF2-4357-8A5F-5C1EF5D3538A}.Debug|x86.ActiveCfg = Debug|Win32
		{A78CDA08-6DF2-4357-8A5F-5C1EF5D3538A}.Debug|x86.Build.0 = Debug|Win32
		{A78CDA08-6DF2-4357-8A5F-5C1EF5D3538A}.Release|x64.ActiveCfg = Release|x64
		{A78CDA08-6DF2-4357-8A5F-5C1EF5D3538A}.Release|x64.Build.0 = Release|x64
		{A78CDA08-6DF2-4357-8A5F-5C1EF5D3538A}.Release|x86.ActiveCfg = Release|Win32
		{A78CDA08-6DF2-4357-8A5F-5C1EF5D3538A}.Release|x86.Build.0 = Release|Win32
		{BB7F53D4-DBFE-4477-8A66-43CCC71A8236}.Debug|x64.ActiveCfg = Debug|x64
		{BB7F53D4-DBFE-4477-8A66-43CCC71A8236}.Debug|x64.Build.0 = Debug|x64
		{BB7F53D4-DBFE-4477-8A66-43CCC71A8236}.Debug|x86.ActiveCfg = Debug|Win32
		{BB7F53D4-DBFE-4477-8A66-43CCC71A8236}.Debug|x86.Build.0 = Debug|Win32
		{BB7F53D4-DBFE-4477-8A66-43CCC71A8236}.Release|x64.ActiveCfg = Release|x64
		{BB7F53D4-DBFE-4477-8A66-43CCC71A8236}.Release|x64.Build.0 = Release|x64
		{BB7F53D4-DBFE-4477-8A66-43CCC71A8236}.Release|x86.ActiveCfg = Release|Win32
		{BB7F53D4-DBFE-4477-8A66-43CCC71A8236}.Release|x86.Build.0 = Release|Win32
		{3F3D20A2-38F4-4D06-B93C-FA0E1B7DAA8B}.Debug|x64.ActiveCfg = Debug|x64
		{3F3D20A2-38F4-4D06-B93C-FA0E1B7DAA8B}.Debug|x64.Build.0 = Debug|x64
		{3F3D20A2-38F4-4D06-B93C-FA0E1B7DAA8B}.Debug|x86.ActiveCfg = Debug|Win32
		{3F3D20A2-38F4-4D06-B93C-FA0E1B7DAA8B}.Debug|x86.Build.0 = Debug|Win32
		{3F3D20A2-38F4-4D06-B93C-FA0E1B7DAA8B}.Release|x64.ActiveCfg = Release|x64
		{3F3D20A2-38F4-4D06-B93C-FA0E1B7DAA8B}.Release|x64.Build.0 = Release|x64
		{3F3D20A2-38F4-4D06-B93C-FA0E1B7DAA8B}.Release|x86.ActiveCfg = Release|Win32
		{3F3D20A2-38F4-4D06-B93C-FA0E1B7DAA8B}.Release|x86.Build.0 = Release|Win32
		{5E184D63-9762-4377-A8F7-A568BDA39070}.Debug|x64.ActiveCfg = Debug|x64
		{5E184D63-9762-4377-A8F7-A568BDA39070}.Debug|x64.Build.0 = Debug|x64
		{5E184D63-9762-4377-A8F7-A568BDA39070}.Debug|x86.ActiveCfg = Debug|Win32
		{5E184D63-9762-4377-A8F7-A568BDA39070}.Debug|x86.Build.0 = Debug|Win32
		{5E184D63-9762-4377-A8F7-A568BDA39070}.Release|x64.ActiveCfg = Release|x64
		{5E184D63-9762-4377-A8F7-A568BDA39070}.Release|x64.Build.0 = Release|x64
		{5E184D63-9762-4377-A8F7-A568BDA39070}.Release|x86.ActiveCfg = Release|Win32
		{5E184D63-9762-4377-A8F7-A568BDA39070}.Release|x86.Build.0 = Release|Win32
		{F3C28E13-54BA-41BC-B5F5-7CA1892C3F2D}.Debug|x64.ActiveCfg = Debug|x64
		{F3C28E13-54BA-41BC-B5F5-7CA1892C3F2D}.Debug|x64.Build.0 = Debug|x64
		{F3C28E13-54BA-41BC-B5F5-7CA1892C3F2D}.Debug|x86.ActiveCfg = Debug|Win32
		{F3C28E13-54BA-41BC-B5F5-7CA1892C3F2D}.Debug|x86.Build.0 = Debug|Win32
		{F3C28E13-54BA-41BC-B5F5-7CA1892C3F2D}.Release|x64.ActiveCfg = Release|x64
		{F3C28E13-54BA-41BC-B5F5-7CA1892C3F2D}.Release|x64.Build.0 = Release|x64
		{F3C28E13-54BA-41BC-B5F5-7CA1892C3F2D}.Release|x86.ActiveCfg = Release|Win32
		{F3C28E13-54BA-41BC-B5F5-7CA1892C3F2D}.Release|x86.Build.0 = Release|Win32
		{FE62F171-7635-4024-A600-02CDB4DC82E5}.Debug|x64.ActiveCfg = Debug|x64
		{FE62F171-7635-4024-A600-02CDB4DC82E5}.Debug|x64.Build.0 = Debug|x64
		{FE62F171-7635-4024-A600-02CDB4DC82E5}.Debug|x86.ActiveCfg = Debug|Win32
		{FE62F171-7635-4024-A600-02CDB4DC82E5}.Debug|x86.Build.0 = Debug|Win32
		{FE62F171-7635-4024-A600-02CDB4DC82E5}.Release|x64.ActiveCfg = Release|x64
		{FE62F171-7635-4024-A600-02CDB4DC82E5}.Release|x64.Build.0 = Release|x64
		{FE62F171-7635-4024-A600-02CDB4DC82E5}.Release|x86.ActiveCfg = Release|Win32
		{FE62F171-7635-4024-A600-02CDB4DC82E5}.Release|x86.Build.0 = Release|Win32
		{F390876A-79CF-4FB7-886C-C9D91F05AE57}.Debug|x64.ActiveCfg = Debug|x64
		{F390876A-79CF-4FB7-886C-C9D91F05AE57}.Debug|x64.Build.0 = Debug|x64
		{F390876A-79CF-4FB7-886C-C9D91F05AE57}.Debug|x86.ActiveCfg = Debug|Win32
		{F390876A-79CF-4FB7-886C-C9D91F05AE57}.Debug|x86.Build.0 = Debug|Win32
		{F390876A-79CF-4FB7-886C-C9D91F05AE57}.Release|x64.ActiveCfg = Release|x64
		{F390876A-79CF-4FB7-886C-C9D91F05AE57}.Release|x64.Build.0 = Release|x64
		{F390876A-79CF-4FB7-886C-C9D91F05AE57}.Release|x86.ActiveCfg = Release|Win32
		{F390876A-79CF-4FB7-886C-C9D91F05AE57}.Release|x86.Build.0 = Release|Win32
		{262B21BA-77CA-4247-AF03-A80055F6430E}.Debug|x64.ActiveCfg = Debug|x64
		{262B21BA-77CA-4247-AF03-A80055F6430E}.Debug|x64.Build.0 = Debug|x64
		{262B21BA-77CA-4247-AF03-A80055F6430E}.Debug|x86.ActiveCfg = Debug|Win32
		{262B21BA-77CA-4247-AF03-A80055F6430E}.Debug|x86.Build.0 = Debug|Win32
		{262B21BA-77CA-4247-AF03-A80055F6430E}.Release|x64.ActiveCfg = Release|x64
		{262B21BA-77CA-4247-AF03-A80055F6430E}.Release|x64.Build.0 = Release|x64
		{262B21BA-77CA-4247-AF03-A80055F6430E}.Release|x86.ActiveCfg = Release|Win32
		{262B21BA-77CA-4247-AF03-A80055F6430E}.Release|x86.Build.0 = Release|Win32
		{2529631E-B953-49BE-8102-C650E338BCCF}.Debug|x64.ActiveCfg = Debug|x64
		{2529631E-B953-49BE-8102-C650E338BCCF}.Debug|x64.Build.0 = Debug|x64
		{2529631E-B953-49BE-8102-C650E338BCCF}.Debug|x86.ActiveCfg = Debug|Win32
		{2529631E-B953-49BE-8102-C650E338BCCF}.Debug|x86.Build.0 = Debug|Win32
		{2529631E-B953-49BE-8102-C650E338BCCF}.Release|x64.ActiveCfg = Release|x64
		{2529631E-B953-49BE-8102-C650E338BCCF}.Release|x64.Build.0 = Release|x64
		{2529631E-B953-49BE-8102-C650E338BCCF}.Release|x86.ActiveCfg = Release|Win32
		{2529631E-B953-49BE-8102-C650E338BCCF}.Release|x86.Build.0 = Release|Win32
		{033ADFDE-6A33-45AA-9408-BF64515B200C}.Debug|x64.ActiveCfg = Debug|x64
		{033ADFDE-6A33-45AA-9408-BF64515B200C}.Debug|x64.Build.0 = Debug|x64
		{033ADFDE-6A33-45AA-9408-BF64515B200C}.Debug|x86.ActiveCfg = Debug|Win32
		{033ADFDE-6A33-45AA-9408-BF64515B200C}.Debug|x86.Build.0 = Debug|Win32
		{033ADFDE-6A33-45AA-9408-BF64515B200C}.Release|x64.ActiveCfg = Release|x64
		{033ADFDE-6A33-45AA-9408-BF64515B200C}.Release|x64.Build.0 = Release|x64
		{033ADFDE-6A33-45AA-9408-BF64515B200C}.Release|x86.ActiveCfg = Release|Win32
		{033ADFDE-6A33-45AA-9408-BF64515B200C}.Release|x86.Build.0 = Release|Win32
		{927D8E8B-57BC-42BF-9321-67D6EEE7D88B}.Debug|x64.ActiveCfg = Debug|x64
		{927D8E8B-57BC-42BF-9321-67D6EEE7D88B}.Debug|x64.Build.0 = Debug|x64
		{927D8E8B-57BC-42BF-9321-67D6EEE7D88B}.Debug|x86.ActiveCfg = Debug|Win32
		{927D8E8B-57BC-42BF-9321-67D6EEE7D88B}.Debug|x86.Build.0 = Debug|Win32
		{927D8E8B-57BC-42BF-9321-67D6EEE7D88B}.Release|x64.ActiveCfg = Release|x64
		{927D8E8B-57BC-42BF-9321-67D6EEE7D88B}.Release|x64.Build.0 = Release|x64
		{927D8E8B-57BC-42BF-9321-67D6EEE7D88B}.Release|x86.ActiveCfg = Release|Win32
		{927D8E8B-57BC-42BF-9321-67D6EEE7D88B}.Release|x86.Build.0 = Release|Win32
		{4A76055C-4C4D-4953-A899-276DD59DDB71}.Debug|x64.ActiveCfg = Debug|x64
		{4A76055C-4C4D-4953-A899-276DD59DDB71}.Debug|x64.Build.0 = Debug|x64
		{4A76055C-4C4D-4953-A899-276DD59DDB71}.Debug|x86.ActiveCfg = Debug|Win32
		{4A76055C-4C4D-4953-A899-276DD59DDB71}.Debug|x86.Build.0 = Debug|Win32
		{4A76055C-4C4D-4953-A899-276DD59DDB71}.Release|x64.ActiveCfg = Release|x64
		{4A76055C-4C4D-4953-A899-276DD59DDB71}.Release|x64.Build.0 = Release|x64
		{4A76055C-4C4D-4953-A899-276DD59DDB71}.Release|x86.ActiveCfg = Release|Win32
		{4A76055C-4C4D-4953-A899-276DD59DDB71}.Release|x86.Build.0 = Release|Win32
		{E5B0BFCF-0B3A-4426-8F11-AABD84A49A5F}.Debug|x64.ActiveCfg = Debug|x64
		{E5B0BFCF-0B3A-4426-8F11-AABD84A49A5F}.Debug|x64.Build.0 = Debug|x64
		{E5B0BFCF-0B3A-4426-8F11-AABD84A49A5F}.Debug|x86.ActiveCfg = Debug|Win32
		{E5B0BFCF-0B3A-4426-8F11-AABD84A49A5F}.Debug|x86.Build.0 = Debug|Win32
		{E5B0BFCF-0B3A-4426-8F11-AABD84A49A5F}.Release|x64.ActiveCfg = Release|x64
		{E5B0BFCF-0B3A-4426-8F11-AABD84A49A5F}.Release|x64.Build.0 = Release|x64
		{E5B0BFCF-0B3A-4426-8F11-AABD84A49A5F}.Release|x86.ActiveCfg = Release|Win32
		{E5B0BFCF-0B3A-4426-8F11-AABD84A49A5F}.Release|x86.Build.0 = Release|Win32
		{F2779F0F-83A5-461A-9F2D-41F70414F927}.Debug|x64.ActiveCfg = Debug|x64
		{F2779F0F-83A5-461A-9F2D-41F70414F927}.Debug|x64.Build.0 = Debug|x64
		{F2779F0F-83A5-461A-9F2D-41F70414F927}.Debug|x86.ActiveCfg = Debug|Win32
		{F2779F0F-83A5-461A-9F2D-41F70414F927}.Debug|x86.Build.0 = Debug|Win32
		{F2779F0F-83A5-461A-9F2D-41F70414F927}.Release|x64.ActiveCfg = Release|x64
		{F2779F0F-83A5-461A-9F2D-41F70414F927}.Release|x64.Build.0 = Release|x64
		{F2779F0F-83A5-461A-9F2D-41F70414F927}.Release|x86.ActiveCfg = Release|Win32
		{F2779F0F-83A5-461A-9F2D-41F70414F927}.Release|x86.Build.0 = Release|Win32
		{B380CBE6-397B-4E3E-A545-A3363862BA4F}.Debug|x64.ActiveCfg = Debug|x64
		{B380CBE6-397B-4E3E-A545-A3363862BA4F}.Debug|x64.Build.0 = Debug|x64
		{B380CBE6-397B-4E3E-A545-A3363862BA4F}.Debug|x86.ActiveCfg = Debug|Win32
		{B380CBE6-397B-4E3E-A545-A3363862BA4F}.Debug|x86.Build.0 = Debug|Win32
		{B380CBE6-397B-4E3E-A545-A3363862BA4F}.Release|x64.ActiveCfg = Release|x64
		{B380CBE6-397B-4E3E-A545-A3363862BA4F}.Release|x64.Build.0 = Release|x64
		{B380CBE6-397B-4E3E-A545-A3363862BA4F}.Release|x86.ActiveCfg = Release|Win32
		{B380CBE6-397B-4E3E-A545-A3363862BA4F}.Release|x86.Build.0 = Release|Win32
		{689D6C8E-313D-4C0B-8D1C-786F911CCC4B}.Debug|x64.ActiveCfg = Debug|x64
		{689D6C8E-313D-4C0B-8D1C-786F911CCC4B}.Debug|x64.Build.0 = Debug|x64
		{689D6C8E-313D-4C0B-8D1C-786F911CCC4B}.Debug|x86.ActiveCfg = Debug|Win32
		{689D6C8E-313D-4C0B-8D1C-786F911CCC4B}.Debug|x86.Build.0 = Debug|Win32
		{689D6C8E-313D-4C0B-8D1C-786F911CCC4B}.Release|x64.ActiveCfg = Release|x64
		{689D6C8E-313D-4C0B-8D1C-786F911CCC4B}.Release|x64.Build.0 = Release|x64
		{689D6C8E-313D-4C0B-8D1C-786F911CCC4B}.Release|x86.ActiveCfg = Release|Win32
		{689D6C8E-313D-4C0B-8D1C-786F911CCC4B}.Release|x86.Build.0 = Release|Win32
		{555C1D0E-6B48-464C-97CB-0F6252364BD5}.Debug|x64.ActiveCfg = Debug|x64
		{555C1D0E-6B48-464C-97CB-0F6252364BD5}.Debug|x64.Build.0 = Debug|x64
		{555C1D0E-6B48-464C-97CB-0F6252364BD5}.Debug|x86.ActiveCfg = Debug|Win32
		{555C1D0E-6B48-464C-97CB-0F6252364BD5}.Debug|x86.Build.0 = Debug|Win32
		{555C1D0E-6B48-464C-97CB-0F6252364BD5}.Release|x64.ActiveCfg = Release|x64
		{555C1D0E-6B48-464C-97CB-0F6252364BD5}.Release|x64.Build.0 = Release|x64
		{555C1D0E-6B48-464C-97CB-0F6252364BD5}.Release|x86.ActiveCfg = Release|Win32
		{555C1D0E-6B48-464C-97CB-0F6252364BD5}.Release|x86.Build.0 = Release|Win32
		{D34D8C9F-212F-4B16-A4D8-328169ECA89E}.Debug|x64.ActiveCfg = Debug|x64
		{D34D8C9F-212F-4B16-A4D8-328169ECA89E}.Debug|x64.Build.0 = Debug|x64
		{D34D8C9F-212F-4B16-A4D8-328169ECA89E}.Debug|x86.ActiveCfg = Debug|Win32
		{D34D8C9F-212F-4B16-A4D8-328169ECA89E}.Debug|x86.Build.0 = Debug|Win32
		{D34D8C9F-212F-4B16-A4D8-328169ECA89E}.Release|x64.ActiveCfg = Release|x64
		{D34D8C9F-212F-4B16-A4D8-328169ECA89E}.Release|x64.Build.0 = Release|x64
		{D34D8C9F-212F-4B16-A4D8-328169ECA89E}.Release|x86.ActiveCfg = Release|Win32
		{D34D8C9F-212F-4B16-A4D8-328169ECA89E}.Release|x86.Build.0 = Release|Win32
		{63B82120-6CBD-46BB-9229-2599D68C82B2}.Debug|x64.ActiveCfg = Debug|x64
		{63B82120-6CBD-46BB-9229-2599D68C82B2}.Debug|x64.Build.0 = Debug|x64
		{63B82120-6CBD-46BB-9229-2599D68C82B2}.Debug|x86.ActiveCfg = Debug|Win32
		{63B82120-6CBD-46BB-9229-2599D68C82B2}.Debug|x86.Build.0 = Debug|Win32
		{63B82120-6CBD-46BB-9229-2599D68C82B2}.Release|x64.ActiveCfg = Release|x64
		{63B82120-6CBD-46BB-9229-2599D68C82B2}.Release|x64.Build.0 = Release|x64
		{63B82120-6CBD-46BB-9229-2599D68C82B2}.Release|x86.ActiveCfg = Release|Win32
		{63B82120-6CBD-46BB-9229-2599D68C82B2}.Release|x86.Build.0 = Release|Win32
		{4668BE17-ECE9-44B7-B54A-7D1D6B1855D1}.Debug|x64.ActiveCfg = Debug|x64
		{4668BE17-ECE9-44B7-B54A-7D1D6B1855D1}.Debug|x64.Build.0 = Debug|x64
		{4668BE17-ECE9-44B7-B54A-7D1D6B1855D1}.Debug|x86.ActiveCfg = Debug|Win32
		{4668BE17-ECE9-44B7-B54A-7D1D6B1855D1}.Debug|x86.Build.0 = Debug|Win32
		{4668BE17-ECE9-44B7-B54A-7D1D6B1855D1}.Release|x64.ActiveCfg = Release|x64
		{4668BE17-ECE9-44B7-B54A-7D1D6B1855D1}.Release|x64.Build.0 = Release|x64
		{4668BE17-ECE9-44B7-B54A-7D1D6B1855D1}.Release|x86.ActiveCfg = Release|Win32
		{4668BE17-ECE9-44B7-B54A-7D1D6B1855D1}.Release|x86.Build.0 = Release|Win32
		{A733755C-B89F-4727-A05B-32F61AE61F32}.Debug|x64.ActiveCfg = Debug|x64
		{A733755C-B89F-4727-A05B-32F61AE61F32}.Debug|x64.Build.0 = Debug|x64
		{A733755C-B89F-4727-A05B-32F61AE61F32}.Debug|x86.ActiveCfg = Debug|Win32
		{A733755C-B89F-4727-A05B-32F61AE61F32}.Debug|x86.Build.0 = Debug|Win32
		{A733755C-B89F-4727-A05B-32F61AE61F32}.Release|x64.ActiveCfg = Release|x64
		{A733755C-B89F-4727-A05B-32F61AE61F32}.Release|x64.Build.0 = Release|x64
		{A733755C-B89F-4727-A05B-32F61AE61F32}.Release|x86.ActiveCfg = Release|Win32
		{A733755C-B89F-4727-A05B-32F61AE61F32}.Release|x86.Build.0 = Release|Win32
		{97970220-27F0-4914-AB46-99960572B8DC}.Debug|x64.ActiveCfg = Debug|x64
		{97970220-27F0-4914-AB46-99960572B8DC}.Debug|x64.Build.0 = Debug|x64
		{97970220-27F0-4914-AB46-99960572B8DC}.Debug|x86.ActiveCfg = Debug|Win32
		{97970220-27F0-4914-AB46-99960572B8DC}.Debug|x86.Build.0 = Debug|Win32
		{97970220-27F0-4914-AB46-99960572B8DC}.Release|x64.ActiveCfg = Release|x64
		{97970220-27F0-4914-AB46-99960572B8DC}.Release|x64.Build.0 = Release|x64
		{97970220-27F0-4914-AB46-99960572B8DC}.Release|x86.ActiveCfg = Release|Win32
		{97970220-27F0-4914-AB46-99960572B8DC}.Release|x86.Build.0 = Release|Win32
		{87DCED46-7B1F-4A8A-9C99-C523D3384728}.Debug|x64.ActiveCfg = Debug|x64
		{87DCED46-7B1F-4A8A-9C99-C523D3384728}.Debug|x64.Build.0 = Debug|x64
		{87DCED46-7B1F-4A8A-9C99-C523D3384728}.Debug|x86.ActiveCfg = Debug|Win32
		{87DCED46-7B1F-4A8A-9C99-C523D3384728}.Debug|x86.Build.0 = Debug|Win32
		{87DCED46-7B1F-4A8A-9C99-C523D3384728}.Release|x64.ActiveCfg = Release|x64
		{87DCED46-7B1F-4A8A-9C99-C523D3384728}.Release|x64.Build.0 = Release|x64
		{87DCED46-7B1F-4A8A-9C99-C523D3384728}.Release|x86.ActiveCfg = Release|Win32
		{87DCED46-7B1F-4A8A-9C99-C523D3384728}.Release|x86.Build.0 = Release|Win32
		{4DFAB945-22D5-4134-982C-7BF019E12FF0}.Debug|x64.ActiveCfg = Debug|x64
		{4DFAB945-22D5-4134-982C-7BF019E12FF0}.Debug|x64.Build.0 = Debug|x64
		{4DFAB945-22D5-4134-982C-7BF019E12FF0}.Debug|x86.ActiveCfg = Debug|Win32
		{4DFAB945-22D5-4134-982C-7BF019E12FF0}.Debug|x86.Build.0 = Debug|Win32
		{4DFAB945-22D5-4134-982C-7BF019E12FF0}.Release|x64.ActiveCfg = Release|x64
		{4DFAB945-22D5-4134-982C-7BF019E12FF0}.Release|x64.Build.0 = Release|x64
		{4DFAB945-22D5-4134-982C-7BF019E12FF0}.Release|x86.ActiveCfg = Release|Win32
		{4DFAB945-22D5-4134-982C-7BF019E12FF0}.Release|x86.Build.0 = Release|Win32
		{760E6941-2B91-485A-89BE-7615B41DD2C3}.Debug|x64.ActiveCfg = Debug|x64
		{760E6941-2B91-485A-89BE-7615B41DD2C3}.Debug|x64.Build.0 = Debug|x64
		{760E6941-2B91-485A-89BE-7615B41DD2C3}.Debug|x86.ActiveCfg = Debug|Win32
		{760E6941-2B91-485A-89BE-7615B41DD2C3}.Debug|x86.Build.0 = Debug|Win32
		{760E6941-2B91-485A-89BE-7615B41DD2C3}.Release|x64.ActiveCfg = Release|x64
		{760E6941-2B91-485A-89BE-7615B41DD2C3}.Release|x64.Build.0 = Release|x64
		{760E6941-2B91-485A-89BE-7615B41DD2C3}.Release|x86.ActiveCfg = Release|Win32
		{760E6941-2B91-485A-89BE-7615B41DD2C3}.Release|x86.Build.0 = Release|Win32
		{0220EF54-01F9-4597-B552-5D93B093C599}.Debug|x64.ActiveCfg = Debug|x64
		{0220EF54-01F9-4597-B552-5D93B093C599}.Debug|x64.Build.0 = Debug|x64
		{0220EF54-01F9-4597-B552-5D93B093C599}.Debug|x86.ActiveCfg = Debug|Win32
		{0220EF54-01F9-4597-B552-5D93B093C599}.Debug|x86.Build.0 = Debug|Win32
		{0220EF54-01F9-4597-B552-5D93B093C599}.Release|x64.ActiveCfg = Release|x64
		{0220EF54-01F9-4597-B552-5D93B093C599}.Release|x64.Build.0 = Release|x64
		{0220EF54-01F9-4597-B552-5D93B093C599}.Release|x86.ActiveCfg = Release|Win32
		{0220EF54-01F9-4597-B552-5D93B093C599}.Release|x86.Build.0 = Release|Win32
	EndGlobalSection
	GlobalSection(SolutionProperties) = preSolution
		HideSolutionNode = FALSE
	EndGlobalSection
	GlobalSection(NestedProjects) = preSolution
		{8A451363-4878-4709-BCFC-18F303E3774F} = {99F8E72B-2FEC-4C4A-87DC-971293D55391}
		{A78CDA08-6DF2-4357-8A5F-5C1EF5D3538A} = {3BDB8ABC-8DD8-4310-AA39-A379F1D76EEA}
		{BB7F53D4-DBFE-4477-8A66-43CCC71A8236} = {3BDB8ABC-8DD8-4310-AA39-A379F1D76EEA}
		{3F3D20A2-38F4-4D06-B93C-FA0E1B7DAA8B} = {3BDB8ABC-8DD8-4310-AA39-A379F1D76EEA}
		{5E184D63-9762-4377-A8F7-A568BDA39070} = {B05993E1-023C-44B6-B827-20BE69AFAB43}
		{F3C28E13-54BA-41BC-B5F5-7CA1892C3F2D} = {B05993E1-023C-44B6-B827-20BE69AFAB43}
		{FE62F171-7635-4024-A600-02CDB4DC82E5} = {B05993E1-023C-44B6-B827-20BE69AFAB43}
		{F390876A-79CF-4FB7-886C-C9D91F05AE57} = {B05993E1-023C-44B6-B827-20BE69AFAB43}
		{262B21BA-77CA-4247-AF03-A80055F6430E} = {B05993E1-023C-44B6-B827-20BE69AFAB43}
		{2529631E-B953-49BE-8102-C650E338BCCF} = {B05993E1-023C-44B6-B827-20BE69AFAB43}
		{033ADFDE-6A33-45AA-9408-BF64515B200C} = {FDCCADF9-2F07-4B2F-A9C2-00D89EF0E84C}
		{927D8E8B-57BC-42BF-9321-67D6EEE7D88B} = {FDCCADF9-2F07-4B2F-A9C2-00D89EF0E84C}
		{4A76055C-4C4D-4953-A899-276DD59DDB71} = {FDCCADF9-2F07-4B2F-A9C2-00D89EF0E84C}
		{E5B0BFCF-0B3A-4426-8F11-AABD84A49A5F} = {FDCCADF9-2F07-4B2F-A9C2-00D89EF0E84C}
		{F2779F0F-83A5-461A-9F2D-41F70414F927} = {FDCCADF9-2F07-4B2F-A9C2-00D89EF0E84C}
		{B380CBE6-397B-4E3E-A545-A3363862BA4F} = {12CB89F2-F731-4200-8ACF-BD188BC7E99B}
		{689D6C8E-313D-4C0B-8D1C-786F911CCC4B} = {12CB89F2-F731-4200-8ACF-BD188BC7E99B}
		{555C1D0E-6B48-464C-97CB-0F6252364BD5} = {0BA83E09-2913-42A2-A96B-7D952909D749}
		{D34D8C9F-212F-4B16-A4D8-328169ECA89E} = {F6F96179-4344-46A3-BC6C-EC27159B70A2}
		{63B82120-6CBD-46BB-9229-2599D68C82B2} = {F6F96179-4344-46A3-BC6C-EC27159B70A2}
		{4668BE17-ECE9-44B7-B54A-7D1D6B1855D1} = {F6F96179-4344-46A3-BC6C-EC27159B70A2}
		{A733755C-B89F-4727-A05B-32F61AE61F32} = {C2DBBB0C-8D51-45D2-BACD-60A28C6AA7F8}
		{97970220-27F0-4914-AB46-99960572B8DC} = {70985F8E-0702-4E9E-93EA-65B8DED87082}
		{87DCED46-7B1F-4A8A-9C99-C523D3384728} = {70985F8E-0702-4E9E-93EA-65B8DED87082}
		{4DFAB945-22D5-4134-982C-7BF019E12FF0} = {70985F8E-0702-4E9E-93EA-65B8DED87082}
		{760E6941-2B91-485A-89BE-7615B41DD2C3} = {3711F4E7-FF72-43D2-B066-5777E7D3F1D4}
		{0220EF54-01F9-4597-B552-5D93B093C599} = {3711F4E7-FF72-43D2-B066-5777E7D3F1D4}
	EndGlobalSection
	GlobalSection(ExtensibilityGlobals) = postSolution
		SolutionGuid = {7F2C91B3-03E1-4501-81C7-5D5D325F4DB1}
	EndGlobalSection
EndGlobal
