<?xml version="1.0" encoding="utf-8"?>
<Project ToolsVersion="4.0" xmlns="http://schemas.microsoft.com/developer/msbuild/2003">
  <ItemGroup>
    <ClInclude Include="PDRFoam\bEqn.H" />
    <ClInclude Include="PDRFoam\createFieldRefs.H" />
    <ClInclude Include="PDRFoam\createFields.H" />
    <ClInclude Include="PDRFoam\EaEqn.H" />
    <ClInclude Include="PDRFoam\EauEqn.H" />
    <ClInclude Include="PDRFoam\ftEqn.H" />
    <ClInclude Include="PDRFoam\pEqn.H" />
    <ClInclude Include="PDRFoam\readCombustionProperties.H" />
    <ClInclude Include="PDRFoam\rhoEqn.H" />
    <ClInclude Include="PDRFoam\setDeltaT.H" />
    <ClInclude Include="PDRFoam\StCourantNo.H" />
    <ClInclude Include="PDRFoam\UEqn.H" />
    <ClInclude Include="PDRFoam\XiModels\XiModel\XiModel.H" />
    <ClInclude Include="PDRFoam\PDRModels\dragModels\PDRDragModel.H" />
  </ItemGroup>
  <ItemGroup>
    <ClCompile Include="PDRFoam\PDRFoam.C" />
    <ClCompile Include="PDRFoam\XiModels\XiModel\XiModel.C" />
    <ClCompile Include="PDRFoam\XiModels\XiModel\XiModelNew.C" />
    <ClCompile Include="PDRFoam\PDRModels\dragModels\PDRDragModel.C" />
    <ClCompile Include="PDRFoam\PDRModels\dragModels\PDRDragModelNew.C" />
  </ItemGroup>
</Project>