<?xml version="1.0" encoding="utf-8"?>
<Project ToolsVersion="4.0" xmlns="http://schemas.microsoft.com/developer/msbuild/2003">
  <ItemGroup>
    <ClInclude Include="driftFluxFoam\alphaControls.H" />
    <ClInclude Include="driftFluxFoam\alphaEqn.H" />
    <ClInclude Include="driftFluxFoam\alphaEqnSubCycle.H" />
    <ClInclude Include="driftFluxFoam\createFields.H" />
    <ClInclude Include="driftFluxFoam\pEqn.H" />
    <ClInclude Include="driftFluxFoam\UEqn.H" />
    <ClInclude Include="driftFluxFoam\mixtureViscosityModels\mixtureViscosityModel.H" />
    <ClInclude Include="driftFluxFoam\relativeVelocityModels\relativeVelocityModel.H" />
    <ClInclude Include="driftFluxFoam\incompressibleTwoPhaseInteractingMixture\incompressibleTwoPhaseInteractingMixture.H" />
  </ItemGroup>
  <ItemGroup>
    <ClCompile Include="driftFluxFoam\compressibleTurbulenceModels.C" />
    <ClCompile Include="driftFluxFoam\driftFluxFoam.C" />
    <ClCompile Include="driftFluxFoam\mixtureViscosityModels\mixtureViscosityModel.C" />
    <ClCompile Include="driftFluxFoam\mixtureViscosityModels\mixtureViscosityModelNew.C" />
    <ClCompile Include="driftFluxFoam\relativeVelocityModels\relativeVelocityModel.C" />
    <ClCompile Include="driftFluxFoam\incompressibleTwoPhaseInteractingMixture\incompressibleTwoPhaseInteractingMixture.C" />
  </ItemGroup>
</Project>