<?xml version="1.0" encoding="utf-8"?>
<Project ToolsVersion="4.0" xmlns="http://schemas.microsoft.com/developer/msbuild/2003">
  <ItemGroup>
    <ClInclude Include="VoF\alphaCourantNo.H" />
    <ClInclude Include="VoF\alphaEqn.H" />
    <ClInclude Include="VoF\alphaEqnSubCycle.H" />
    <ClInclude Include="VoF\createAlphaFluxes.H" />
    <ClInclude Include="VoF\setDeltaT.H" />
    <ClInclude Include="VoF\setRDeltaT.H" />
  </ItemGroup>
</Project>